// !$*UTF8*$!
{
	archiveVersion = 1;
	classes = {
	};
	objectVersion = 50;
	objects = {

/* Begin PBXBuildFile section */
		848DA84F22B4AE2100A487D2 /* AppDelegate.swift in Sources */ = {isa = PBXBuildFile; fileRef = 848DA84E22B4AE2100A487D2 /* AppDelegate.swift */; };
		848DA85122B4AE2100A487D2 /* ViewController.swift in Sources */ = {isa = PBXBuildFile; fileRef = 848DA85022B4AE2100A487D2 /* ViewController.swift */; };
		848DA85422B4AE2100A487D2 /* Main.storyboard in Resources */ = {isa = PBXBuildFile; fileRef = 848DA85222B4AE2100A487D2 /* Main.storyboard */; };
		848DA85622B4AE2300A487D2 /* Assets.xcassets in Resources */ = {isa = PBXBuildFile; fileRef = 848DA85522B4AE2300A487D2 /* Assets.xcassets */; };
		848DA85922B4AE2300A487D2 /* LaunchScreen.storyboard in Resources */ = {isa = PBXBuildFile; fileRef = 848DA85722B4AE2300A487D2 /* LaunchScreen.storyboard */; };
		848DA86422B4AE2300A487D2 /* BigBurgerTests.swift in Sources */ = {isa = PBXBuildFile; fileRef = 848DA86322B4AE2300A487D2 /* BigBurgerTests.swift */; };
		848DA86F22B4AE2300A487D2 /* BigBurgerUITests.swift in Sources */ = {isa = PBXBuildFile; fileRef = 848DA86E22B4AE2300A487D2 /* BigBurgerUITests.swift */; };
/* End PBXBuildFile section */

/* Begin PBXContainerItemProxy section */
		848DA86022B4AE2300A487D2 /* PBXContainerItemProxy */ = {
			isa = PBXContainerItemProxy;
			containerPortal = 848DA84322B4AE2100A487D2 /* Project object */;
			proxyType = 1;
			remoteGlobalIDString = 848DA84A22B4AE2100A487D2;
			remoteInfo = BigBurger;
		};
		848DA86B22B4AE2300A487D2 /* PBXContainerItemProxy */ = {
			isa = PBXContainerItemProxy;
			containerPortal = 848DA84322B4AE2100A487D2 /* Project object */;
			proxyType = 1;
			remoteGlobalIDString = 848DA84A22B4AE2100A487D2;
			remoteInfo = BigBurger;
		};
/* End PBXContainerItemProxy section */

/* Begin PBXFileReference section */
		848DA84B22B4AE2100A487D2 /* BigBurger.app */ = {isa = PBXFileReference; explicitFileType = wrapper.application; includeInIndex = 0; path = BigBurger.app; sourceTree = BUILT_PRODUCTS_DIR; };
		848DA84E22B4AE2100A487D2 /* AppDelegate.swift */ = {isa = PBXFileReference; lastKnownFileType = sourcecode.swift; path = AppDelegate.swift; sourceTree = "<group>"; };
		848DA85022B4AE2100A487D2 /* ViewController.swift */ = {isa = PBXFileReference; lastKnownFileType = sourcecode.swift; path = ViewController.swift; sourceTree = "<group>"; };
		848DA85322B4AE2100A487D2 /* Base */ = {isa = PBXFileReference; lastKnownFileType = file.storyboard; name = Base; path = Base.lproj/Main.storyboard; sourceTree = "<group>"; };
		848DA85522B4AE2300A487D2 /* Assets.xcassets */ = {isa = PBXFileReference; lastKnownFileType = folder.assetcatalog; path = Assets.xcassets; sourceTree = "<group>"; };
		848DA85822B4AE2300A487D2 /* Base */ = {isa = PBXFileReference; lastKnownFileType = file.storyboard; name = Base; path = Base.lproj/LaunchScreen.storyboard; sourceTree = "<group>"; };
		848DA85A22B4AE2300A487D2 /* Info.plist */ = {isa = PBXFileReference; lastKnownFileType = text.plist.xml; path = Info.plist; sourceTree = "<group>"; };
		848DA85F22B4AE2300A487D2 /* BigBurgerTests.xctest */ = {isa = PBXFileReference; explicitFileType = wrapper.cfbundle; includeInIndex = 0; path = BigBurgerTests.xctest; sourceTree = BUILT_PRODUCTS_DIR; };
		848DA86322B4AE2300A487D2 /* BigBurgerTests.swift */ = {isa = PBXFileReference; lastKnownFileType = sourcecode.swift; path = BigBurgerTests.swift; sourceTree = "<group>"; };
		848DA86522B4AE2300A487D2 /* Info.plist */ = {isa = PBXFileReference; lastKnownFileType = text.plist.xml; path = Info.plist; sourceTree = "<group>"; };
		848DA86A22B4AE2300A487D2 /* BigBurgerUITests.xctest */ = {isa = PBXFileReference; explicitFileType = wrapper.cfbundle; includeInIndex = 0; path = BigBurgerUITests.xctest; sourceTree = BUILT_PRODUCTS_DIR; };
		848DA86E22B4AE2300A487D2 /* BigBurgerUITests.swift */ = {isa = PBXFileReference; lastKnownFileType = sourcecode.swift; path = BigBurgerUITests.swift; sourceTree = "<group>"; };
		848DA87022B4AE2300A487D2 /* Info.plist */ = {isa = PBXFileReference; lastKnownFileType = text.plist.xml; path = Info.plist; sourceTree = "<group>"; };
/* End PBXFileReference section */

/* Begin PBXFrameworksBuildPhase section */
		848DA84822B4AE2100A487D2 /* Frameworks */ = {
			isa = PBXFrameworksBuildPhase;
			buildActionMask = 2147483647;
			files = (
			);
			runOnlyForDeploymentPostprocessing = 0;
		};
		848DA85C22B4AE2300A487D2 /* Frameworks */ = {
			isa = PBXFrameworksBuildPhase;
			buildActionMask = 2147483647;
			files = (
			);
			runOnlyForDeploymentPostprocessing = 0;
		};
		848DA86722B4AE2300A487D2 /* Frameworks */ = {
			isa = PBXFrameworksBuildPhase;
			buildActionMask = 2147483647;
			files = (
			);
			runOnlyForDeploymentPostprocessing = 0;
		};
/* End PBXFrameworksBuildPhase section */

/* Begin PBXGroup section */
		848DA84222B4AE2100A487D2 = {
			isa = PBXGroup;
			children = (
				848DA84D22B4AE2100A487D2 /* BigBurger */,
				848DA86222B4AE2300A487D2 /* BigBurgerTests */,
				848DA86D22B4AE2300A487D2 /* BigBurgerUITests */,
				848DA84C22B4AE2100A487D2 /* Products */,
			);
			sourceTree = "<group>";
		};
		848DA84C22B4AE2100A487D2 /* Products */ = {
			isa = PBXGroup;
			children = (
				848DA84B22B4AE2100A487D2 /* BigBurger.app */,
				848DA85F22B4AE2300A487D2 /* BigBurgerTests.xctest */,
				848DA86A22B4AE2300A487D2 /* BigBurgerUITests.xctest */,
			);
			name = Products;
			sourceTree = "<group>";
		};
		848DA84D22B4AE2100A487D2 /* BigBurger */ = {
			isa = PBXGroup;
			children = (
				848DA84E22B4AE2100A487D2 /* AppDelegate.swift */,
				848DA85022B4AE2100A487D2 /* ViewController.swift */,
				848DA85222B4AE2100A487D2 /* Main.storyboard */,
				848DA85522B4AE2300A487D2 /* Assets.xcassets */,
				848DA85722B4AE2300A487D2 /* LaunchScreen.storyboard */,
				848DA85A22B4AE2300A487D2 /* Info.plist */,
			);
			path = BigBurger;
			sourceTree = "<group>";
		};
		848DA86222B4AE2300A487D2 /* BigBurgerTests */ = {
			isa = PBXGroup;
			children = (
				848DA86322B4AE2300A487D2 /* BigBurgerTests.swift */,
				848DA86522B4AE2300A487D2 /* Info.plist */,
			);
			path = BigBurgerTests;
			sourceTree = "<group>";
		};
		848DA86D22B4AE2300A487D2 /* BigBurgerUITests */ = {
			isa = PBXGroup;
			children = (
				848DA86E22B4AE2300A487D2 /* BigBurgerUITests.swift */,
				848DA87022B4AE2300A487D2 /* Info.plist */,
			);
			path = BigBurgerUITests;
			sourceTree = "<group>";
		};
/* End PBXGroup section */

/* Begin PBXNativeTarget section */
		848DA84A22B4AE2100A487D2 /* BigBurger */ = {
			isa = PBXNativeTarget;
			buildConfigurationList = 848DA87322B4AE2300A487D2 /* Build configuration list for PBXNativeTarget "BigBurger" */;
			buildPhases = (
				848DA84722B4AE2100A487D2 /* Sources */,
				848DA84822B4AE2100A487D2 /* Frameworks */,
				848DA84922B4AE2100A487D2 /* Resources */,
			);
			buildRules = (
			);
			dependencies = (
			);
			name = BigBurger;
			productName = BigBurger;
			productReference = 848DA84B22B4AE2100A487D2 /* BigBurger.app */;
			productType = "com.apple.product-type.application";
		};
		848DA85E22B4AE2300A487D2 /* BigBurgerTests */ = {
			isa = PBXNativeTarget;
			buildConfigurationList = 848DA87622B4AE2300A487D2 /* Build configuration list for PBXNativeTarget "BigBurgerTests" */;
			buildPhases = (
				848DA85B22B4AE2300A487D2 /* Sources */,
				848DA85C22B4AE2300A487D2 /* Frameworks */,
				848DA85D22B4AE2300A487D2 /* Resources */,
			);
			buildRules = (
			);
			dependencies = (
				848DA86122B4AE2300A487D2 /* PBXTargetDependency */,
			);
			name = BigBurgerTests;
			productName = BigBurgerTests;
			productReference = 848DA85F22B4AE2300A487D2 /* BigBurgerTests.xctest */;
			productType = "com.apple.product-type.bundle.unit-test";
		};
		848DA86922B4AE2300A487D2 /* BigBurgerUITests */ = {
			isa = PBXNativeTarget;
			buildConfigurationList = 848DA87922B4AE2300A487D2 /* Build configuration list for PBXNativeTarget "BigBurgerUITests" */;
			buildPhases = (
				848DA86622B4AE2300A487D2 /* Sources */,
				848DA86722B4AE2300A487D2 /* Frameworks */,
				848DA86822B4AE2300A487D2 /* Resources */,
			);
			buildRules = (
			);
			dependencies = (
				848DA86C22B4AE2300A487D2 /* PBXTargetDependency */,
			);
			name = BigBurgerUITests;
			productName = BigBurgerUITests;
			productReference = 848DA86A22B4AE2300A487D2 /* BigBurgerUITests.xctest */;
			productType = "com.apple.product-type.bundle.ui-testing";
		};
/* End PBXNativeTarget section */

/* Begin PBXProject section */
		848DA84322B4AE2100A487D2 /* Project object */ = {
			isa = PBXProject;
			attributes = {
				LastSwiftUpdateCheck = 1000;
				LastUpgradeCheck = 1000;
				ORGANIZATIONNAME = admin;
				TargetAttributes = {
					848DA84A22B4AE2100A487D2 = {
						CreatedOnToolsVersion = 10.0;
					};
					848DA85E22B4AE2300A487D2 = {
						CreatedOnToolsVersion = 10.0;
						TestTargetID = 848DA84A22B4AE2100A487D2;
					};
					848DA86922B4AE2300A487D2 = {
						CreatedOnToolsVersion = 10.0;
						TestTargetID = 848DA84A22B4AE2100A487D2;
					};
				};
			};
			buildConfigurationList = 848DA84622B4AE2100A487D2 /* Build configuration list for PBXProject "BigBurger" */;
			compatibilityVersion = "Xcode 9.3";
			developmentRegion = en;
			hasScannedForEncodings = 0;
			knownRegions = (
				en,
				Base,
			);
			mainGroup = 848DA84222B4AE2100A487D2;
			productRefGroup = 848DA84C22B4AE2100A487D2 /* Products */;
			projectDirPath = "";
			projectRoot = "";
			targets = (
				848DA84A22B4AE2100A487D2 /* BigBurger */,
				848DA85E22B4AE2300A487D2 /* BigBurgerTests */,
				848DA86922B4AE2300A487D2 /* BigBurgerUITests */,
			);
		};
/* End PBXProject section */

/* Begin PBXResourcesBuildPhase section */
		848DA84922B4AE2100A487D2 /* Resources */ = {
			isa = PBXResourcesBuildPhase;
			buildActionMask = 2147483647;
			files = (
				848DA85922B4AE2300A487D2 /* LaunchScreen.storyboard in Resources */,
				848DA85622B4AE2300A487D2 /* Assets.xcassets in Resources */,
				848DA85422B4AE2100A487D2 /* Main.storyboard in Resources */,
			);
			runOnlyForDeploymentPostprocessing = 0;
		};
		848DA85D22B4AE2300A487D2 /* Resources */ = {
			isa = PBXResourcesBuildPhase;
			buildActionMask = 2147483647;
			files = (
			);
			runOnlyForDeploymentPostprocessing = 0;
		};
		848DA86822B4AE2300A487D2 /* Resources */ = {
			isa = PBXResourcesBuildPhase;
			buildActionMask = 2147483647;
			files = (
			);
			runOnlyForDeploymentPostprocessing = 0;
		};
/* End PBXResourcesBuildPhase section */

/* Begin PBXSourcesBuildPhase section */
		848DA84722B4AE2100A487D2 /* Sources */ = {
			isa = PBXSourcesBuildPhase;
			buildActionMask = 2147483647;
			files = (
				848DA85122B4AE2100A487D2 /* ViewController.swift in Sources */,
				848DA84F22B4AE2100A487D2 /* AppDelegate.swift in Sources */,
			);
			runOnlyForDeploymentPostprocessing = 0;
		};
		848DA85B22B4AE2300A487D2 /* Sources */ = {
			isa = PBXSourcesBuildPhase;
			buildActionMask = 2147483647;
			files = (
				848DA86422B4AE2300A487D2 /* BigBurgerTests.swift in Sources */,
			);
			runOnlyForDeploymentPostprocessing = 0;
		};
		848DA86622B4AE2300A487D2 /* Sources */ = {
			isa = PBXSourcesBuildPhase;
			buildActionMask = 2147483647;
			files = (
				848DA86F22B4AE2300A487D2 /* BigBurgerUITests.swift in Sources */,
			);
			runOnlyForDeploymentPostprocessing = 0;
		};
/* End PBXSourcesBuildPhase section */

/* Begin PBXTargetDependency section */
		848DA86122B4AE2300A487D2 /* PBXTargetDependency */ = {
			isa = PBXTargetDependency;
			target = 848DA84A22B4AE2100A487D2 /* BigBurger */;
			targetProxy = 848DA86022B4AE2300A487D2 /* PBXContainerItemProxy */;
		};
		848DA86C22B4AE2300A487D2 /* PBXTargetDependency */ = {
			isa = PBXTargetDependency;
			target = 848DA84A22B4AE2100A487D2 /* BigBurger */;
			targetProxy = 848DA86B22B4AE2300A487D2 /* PBXContainerItemProxy */;
		};
/* End PBXTargetDependency section */

/* Begin PBXVariantGroup section */
		848DA85222B4AE2100A487D2 /* Main.storyboard */ = {
			isa = PBXVariantGroup;
			children = (
				848DA85322B4AE2100A487D2 /* Base */,
			);
			name = Main.storyboard;
			sourceTree = "<group>";
		};
		848DA85722B4AE2300A487D2 /* LaunchScreen.storyboard */ = {
			isa = PBXVariantGroup;
			children = (
				848DA85822B4AE2300A487D2 /* Base */,
			);
			name = LaunchScreen.storyboard;
			sourceTree = "<group>";
		};
/* End PBXVariantGroup section */

/* Begin XCBuildConfiguration section */
		848DA87122B4AE2300A487D2 /* Debug */ = {
			isa = XCBuildConfiguration;
			buildSettings = {
				ALWAYS_SEARCH_USER_PATHS = NO;
				CLANG_ANALYZER_NONNULL = YES;
				CLANG_ANALYZER_NUMBER_OBJECT_CONVERSION = YES_AGGRESSIVE;
				CLANG_CXX_LANGUAGE_STANDARD = "gnu++14";
				CLANG_CXX_LIBRARY = "libc++";
				CLANG_ENABLE_MODULES = YES;
				CLANG_ENABLE_OBJC_ARC = YES;
				CLANG_ENABLE_OBJC_WEAK = YES;
				CLANG_WARN_BLOCK_CAPTURE_AUTORELEASING = YES;
				CLANG_WARN_BOOL_CONVERSION = YES;
				CLANG_WARN_COMMA = YES;
				CLANG_WARN_CONSTANT_CONVERSION = YES;
				CLANG_WARN_DEPRECATED_OBJC_IMPLEMENTATIONS = YES;
				CLANG_WARN_DIRECT_OBJC_ISA_USAGE = YES_ERROR;
				CLANG_WARN_DOCUMENTATION_COMMENTS = YES;
				CLANG_WARN_EMPTY_BODY = YES;
				CLANG_WARN_ENUM_CONVERSION = YES;
				CLANG_WARN_INFINITE_RECURSION = YES;
				CLANG_WARN_INT_CONVERSION = YES;
				CLANG_WARN_NON_LITERAL_NULL_CONVERSION = YES;
				CLANG_WARN_OBJC_IMPLICIT_RETAIN_SELF = YES;
				CLANG_WARN_OBJC_LITERAL_CONVERSION = YES;
				CLANG_WARN_OBJC_ROOT_CLASS = YES_ERROR;
				CLANG_WARN_RANGE_LOOP_ANALYSIS = YES;
				CLANG_WARN_STRICT_PROTOTYPES = YES;
				CLANG_WARN_SUSPICIOUS_MOVE = YES;
				CLANG_WARN_UNGUARDED_AVAILABILITY = YES_AGGRESSIVE;
				CLANG_WARN_UNREACHABLE_CODE = YES;
				CLANG_WARN__DUPLICATE_METHOD_MATCH = YES;
				CODE_SIGN_IDENTITY = "iPhone Developer";
				COPY_PHASE_STRIP = NO;
				DEBUG_INFORMATION_FORMAT = dwarf;
				ENABLE_STRICT_OBJC_MSGSEND = YES;
				ENABLE_TESTABILITY = YES;
				GCC_C_LANGUAGE_STANDARD = gnu11;
				GCC_DYNAMIC_NO_PIC = NO;
				GCC_NO_COMMON_BLOCKS = YES;
				GCC_OPTIMIZATION_LEVEL = 0;
				GCC_PREPROCESSOR_DEFINITIONS = (
					"DEBUG=1",
					"$(inherited)",
				);
				GCC_WARN_64_TO_32_BIT_CONVERSION = YES;
				GCC_WARN_ABOUT_RETURN_TYPE = YES_ERROR;
				GCC_WARN_UNDECLARED_SELECTOR = YES;
				GCC_WARN_UNINITIALIZED_AUTOS = YES_AGGRESSIVE;
				GCC_WARN_UNUSED_FUNCTION = YES;
				GCC_WARN_UNUSED_VARIABLE = YES;
				IPHONEOS_DEPLOYMENT_TARGET = 12.0;
				MTL_ENABLE_DEBUG_INFO = INCLUDE_SOURCE;
				MTL_FAST_MATH = YES;
				ONLY_ACTIVE_ARCH = YES;
				SDKROOT = iphoneos;
				SWIFT_ACTIVE_COMPILATION_CONDITIONS = DEBUG;
				SWIFT_OPTIMIZATION_LEVEL = "-Onone";
			};
			name = Debug;
		};
		848DA87222B4AE2300A487D2 /* Release */ = {
			isa = XCBuildConfiguration;
			buildSettings = {
				ALWAYS_SEARCH_USER_PATHS = NO;
				CLANG_ANALYZER_NONNULL = YES;
				CLANG_ANALYZER_NUMBER_OBJECT_CONVERSION = YES_AGGRESSIVE;
				CLANG_CXX_LANGUAGE_STANDARD = "gnu++14";
				CLANG_CXX_LIBRARY = "libc++";
				CLANG_ENABLE_MODULES = YES;
				CLANG_ENABLE_OBJC_ARC = YES;
				CLANG_ENABLE_OBJC_WEAK = YES;
				CLANG_WARN_BLOCK_CAPTURE_AUTORELEASING = YES;
				CLANG_WARN_BOOL_CONVERSION = YES;
				CLANG_WARN_COMMA = YES;
				CLANG_WARN_CONSTANT_CONVERSION = YES;
				CLANG_WARN_DEPRECATED_OBJC_IMPLEMENTATIONS = YES;
				CLANG_WARN_DIRECT_OBJC_ISA_USAGE = YES_ERROR;
				CLANG_WARN_DOCUMENTATION_COMMENTS = YES;
				CLANG_WARN_EMPTY_BODY = YES;
				CLANG_WARN_ENUM_CONVERSION = YES;
				CLANG_WARN_INFINITE_RECURSION = YES;
				CLANG_WARN_INT_CONVERSION = YES;
				CLANG_WARN_NON_LITERAL_NULL_CONVERSION = YES;
				CLANG_WARN_OBJC_IMPLICIT_RETAIN_SELF = YES;
				CLANG_WARN_OBJC_LITERAL_CONVERSION = YES;
				CLANG_WARN_OBJC_ROOT_CLASS = YES_ERROR;
				CLANG_WARN_RANGE_LOOP_ANALYSIS = YES;
				CLANG_WARN_STRICT_PROTOTYPES = YES;
				CLANG_WARN_SUSPICIOUS_MOVE = YES;
				CLANG_WARN_UNGUARDED_AVAILABILITY = YES_AGGRESSIVE;
				CLANG_WARN_UNREACHABLE_CODE = YES;
				CLANG_WARN__DUPLICATE_METHOD_MATCH = YES;
				CODE_SIGN_IDENTITY = "iPhone Developer";
				COPY_PHASE_STRIP = NO;
				DEBUG_INFORMATION_FORMAT = "dwarf-with-dsym";
				ENABLE_NS_ASSERTIONS = NO;
				ENABLE_STRICT_OBJC_MSGSEND = YES;
				GCC_C_LANGUAGE_STANDARD = gnu11;
				GCC_NO_COMMON_BLOCKS = YES;
				GCC_WARN_64_TO_32_BIT_CONVERSION = YES;
				GCC_WARN_ABOUT_RETURN_TYPE = YES_ERROR;
				GCC_WARN_UNDECLARED_SELECTOR = YES;
				GCC_WARN_UNINITIALIZED_AUTOS = YES_AGGRESSIVE;
				GCC_WARN_UNUSED_FUNCTION = YES;
				GCC_WARN_UNUSED_VARIABLE = YES;
				IPHONEOS_DEPLOYMENT_TARGET = 12.0;
				MTL_ENABLE_DEBUG_INFO = NO;
				MTL_FAST_MATH = YES;
				SDKROOT = iphoneos;
				SWIFT_COMPILATION_MODE = wholemodule;
				SWIFT_OPTIMIZATION_LEVEL = "-O";
				VALIDATE_PRODUCT = YES;
			};
			name = Release;
		};
		848DA87422B4AE2300A487D2 /* Debug */ = {
			isa = XCBuildConfiguration;
			buildSettings = {
				ASSETCATALOG_COMPILER_APPICON_NAME = AppIcon;
				CODE_SIGN_STYLE = Automatic;
				INFOPLIST_FILE = BigBurger/Info.plist;
				LD_RUNPATH_SEARCH_PATHS = (
					"$(inherited)",
					"@executable_path/Frameworks",
				);
				PRODUCT_BUNDLE_IDENTIFIER = com.vibuy.BigBurger.BigBurger;
				PRODUCT_NAME = "$(TARGET_NAME)";
				SWIFT_VERSION = 4.2;
				TARGETED_DEVICE_FAMILY = "1,2";
			};
			name = Debug;
		};
		848DA87522B4AE2300A487D2 /* Release */ = {
			isa = XCBuildConfiguration;
			buildSettings = {
				ASSETCATALOG_COMPILER_APPICON_NAME = AppIcon;
				CODE_SIGN_STYLE = Automatic;
				INFOPLIST_FILE = BigBurger/Info.plist;
				LD_RUNPATH_SEARCH_PATHS = (
					"$(inherited)",
					"@executable_path/Frameworks",
				);
				PRODUCT_BUNDLE_IDENTIFIER = com.vibuy.BigBurger.BigBurger;
				PRODUCT_NAME = "$(TARGET_NAME)";
				SWIFT_VERSION = 4.2;
				TARGETED_DEVICE_FAMILY = "1,2";
			};
			name = Release;
		};
		848DA87722B4AE2300A487D2 /* Debug */ = {
			isa = XCBuildConfiguration;
			buildSettings = {
				ALWAYS_EMBED_SWIFT_STANDARD_LIBRARIES = YES;
				BUNDLE_LOADER = "$(TEST_HOST)";
				CODE_SIGN_STYLE = Automatic;
				INFOPLIST_FILE = BigBurgerTests/Info.plist;
				LD_RUNPATH_SEARCH_PATHS = (
					"$(inherited)",
					"@executable_path/Frameworks",
					"@loader_path/Frameworks",
				);
				PRODUCT_BUNDLE_IDENTIFIER = com.vibuy.BigBurger.BigBurgerTests;
				PRODUCT_NAME = "$(TARGET_NAME)";
				SWIFT_VERSION = 4.2;
				TARGETED_DEVICE_FAMILY = "1,2";
				TEST_HOST = "$(BUILT_PRODUCTS_DIR)/BigBurger.app/BigBurger";
			};
			name = Debug;
		};
		848DA87822B4AE2300A487D2 /* Release */ = {
			isa = XCBuildConfiguration;
			buildSettings = {
				ALWAYS_EMBED_SWIFT_STANDARD_LIBRARIES = YES;
				BUNDLE_LOADER = "$(TEST_HOST)";
				CODE_SIGN_STYLE = Automatic;
				INFOPLIST_FILE = BigBurgerTests/Info.plist;
				LD_RUNPATH_SEARCH_PATHS = (
					"$(inherited)",
					"@executable_path/Frameworks",
					"@loader_path/Frameworks",
				);
				PRODUCT_BUNDLE_IDENTIFIER = com.vibuy.BigBurger.BigBurgerTests;
				PRODUCT_NAME = "$(TARGET_NAME)";
				SWIFT_VERSION = 4.2;
				TARGETED_DEVICE_FAMILY = "1,2";
				TEST_HOST = "$(BUILT_PRODUCTS_DIR)/BigBurger.app/BigBurger";
			};
			name = Release;
		};
		848DA87A22B4AE2300A487D2 /* Debug */ = {
			isa = XCBuildConfiguration;
			buildSettings = {
				ALWAYS_EMBED_SWIFT_STANDARD_LIBRARIES = YES;
				CODE_SIGN_STYLE = Automatic;
				INFOPLIST_FILE = BigBurgerUITests/Info.plist;
				LD_RUNPATH_SEARCH_PATHS = (
					"$(inherited)",
					"@executable_path/Frameworks",
					"@loader_path/Frameworks",
				);
				PRODUCT_BUNDLE_IDENTIFIER = com.vibuy.BigBurger.BigBurgerUITests;
				PRODUCT_NAME = "$(TARGET_NAME)";
				SWIFT_VERSION = 4.2;
				TARGETED_DEVICE_FAMILY = "1,2";
				TEST_TARGET_NAME = BigBurger;
			};
			name = Debug;
		};
		848DA87B22B4AE2300A487D2 /* Release */ = {
			isa = XCBuildConfiguration;
			buildSettings = {
				ALWAYS_EMBED_SWIFT_STANDARD_LIBRARIES = YES;
				CODE_SIGN_STYLE = Automatic;
				INFOPLIST_FILE = BigBurgerUITests/Info.plist;
				LD_RUNPATH_SEARCH_PATHS = (
					"$(inherited)",
					"@executable_path/Frameworks",
					"@loader_path/Frameworks",
				);
				PRODUCT_BUNDLE_IDENTIFIER = com.vibuy.BigBurger.BigBurgerUITests;
				PRODUCT_NAME = "$(TARGET_NAME)";
				SWIFT_VERSION = 4.2;
				TARGETED_DEVICE_FAMILY = "1,2";
				TEST_TARGET_NAME = BigBurger;
			};
			name = Release;
		};
/* End XCBuildConfiguration section */

/* Begin XCConfigurationList section */
		848DA84622B4AE2100A487D2 /* Build configuration list for PBXProject "BigBurger" */ = {
			isa = XCConfigurationList;
			buildConfigurations = (
				848DA87122B4AE2300A487D2 /* Debug */,
				848DA87222B4AE2300A487D2 /* Release */,
			);
			defaultConfigurationIsVisible = 0;
			defaultConfigurationName = Release;
		};
		848DA87322B4AE2300A487D2 /* Build configuration list for PBXNativeTarget "BigBurger" */ = {
			isa = XCConfigurationList;
			buildConfigurations = (
				848DA87422B4AE2300A487D2 /* Debug */,
				848DA87522B4AE2300A487D2 /* Release */,
			);
			defaultConfigurationIsVisible = 0;
			defaultConfigurationName = Release;
		};
		848DA87622B4AE2300A487D2 /* Build configuration list for PBXNativeTarget "BigBurgerTests" */ = {
			isa = XCConfigurationList;
			buildConfigurations = (
				848DA87722B4AE2300A487D2 /* Debug */,
				848DA87822B4AE2300A487D2 /* Release */,
			);
			defaultConfigurationIsVisible = 0;
			defaultConfigurationName = Release;
		};
		848DA87922B4AE2300A487D2 /* Build configuration list for PBXNativeTarget "BigBurgerUITests" */ = {
			isa = XCConfigurationList;
			buildConfigurations = (
				848DA87A22B4AE2300A487D2 /* Debug */,
				848DA87B22B4AE2300A487D2 /* Release */,
			);
			defaultConfigurationIsVisible = 0;
			defaultConfigurationName = Release;
		};
/* End XCConfigurationList section */
	};
	rootObject = 848DA84322B4AE2100A487D2 /* Project object */;
}
